{
  "name": "@holochain/zome-hub-zomelets",
  "version": "0.1.0",
  "lockfileVersion": 3,
  "requires": true,
  "packages": {
    "": {
      "name": "@holochain/zome-hub-zomelets",
      "version": "0.1.0",
      "license": "ISC",
      "dependencies": {
        "@spartan-hc/holo-hash": "^0.5.4",
        "@spartan-hc/mere-memory-sdk": "file:../../../../mere-memory-sdk",
        "@spartan-hc/zomelets": "file:../../../../holochain-zomelets-js",
        "@whi/into-struct": "file:../../../../../projects/into-struct-js"
      }
    },
    "../../../../../projects/into-struct-js": {
      "version": "0.1.0",
      "license": "ISC",
      "dependencies": {
        "@whi/repr": "^0.1.0",
        "@whi/weblogger": "^0.1.6"
      },
      "devDependencies": {
        "chai": "^4.3.7",
        "mocha": "^10.2.0",
        "webpack": "^5.88.1",
        "webpack-cli": "^5.1.4"
      }
    },
    "../../../../holochain-zomelets-js": {
      "name": "@spartan-hc/zomelets",
      "version": "0.1.0",
      "license": "ISC",
      "devDependencies": {
        "@whi/json": "^0.1.7",
        "@whi/weblogger": "^0.1.6",
        "chai": "^4.3.4",
        "mocha": "^10.1.0",
        "webpack": "^5.76.3",
        "webpack-cli": "^4.7.2"
      }
    },
    "../../../../mere-memory-sdk": {
      "name": "@spartan-hc/mere-memory-sdk",
      "version": "0.1.4",
      "license": "ISC",
      "dependencies": {
        "@spartan-hc/holochain-agent-client": "^0.2.5",
        "@spartan-hc/zomelets": "file:../holochain-zomelets-js",
        "@whi/essence": "^0.1.3",
        "@whi/weblogger": "^0.1.6"
      },
      "devDependencies": {
        "@spartan-hc/app-interface-client": "file:../holochain-app-interface-client-js",
        "@spartan-hc/holochain-admin-client": "^0.1.6",
        "@spartan-hc/holochain-backdrop": "^2.2.3",
        "chai": "^4.3.7",
        "mocha": "^10.2.0",
        "webpack": "^5.76.2",
        "webpack-cli": "^5.0.1",
        "why-is-node-running": "^2.2.2"
      }
    },
    "node_modules/@spartan-hc/holo-hash": {
      "version": "0.5.4",
      "resolved": "https://registry.npmjs.org/@spartan-hc/holo-hash/-/holo-hash-0.5.4.tgz",
      "integrity": "sha512-mUk3YVoEDctFrqqZ74JLZI38HtZ/UsjJ5QZ6Bl9JYwvxEKegAmpsNdQzh8xS1rUvWJFAatUa9aAoMo6eqzEFqA==",
      "dependencies": {
        "@whi/xor-digest": "^0.1.0"
      }
    },
    "node_modules/@spartan-hc/mere-memory-sdk": {
      "resolved": "../../../../mere-memory-sdk",
      "link": true
    },
    "node_modules/@spartan-hc/zomelets": {
      "resolved": "../../../../holochain-zomelets-js",
      "link": true
    },
    "node_modules/@whi/into-struct": {
      "resolved": "../../../../../projects/into-struct-js",
      "link": true
    },
    "node_modules/@whi/xor-digest": {
      "version": "0.1.0",
      "resolved": "https://registry.npmjs.org/@whi/xor-digest/-/xor-digest-0.1.0.tgz",
      "integrity": "sha512-FKPxyYK79TIxkVHmXnyJ4IljW+5sc+HX2hxMu5+UxlN0p1vOOdwFagDOhONC4ILysm1bXhvF4cPsTGSmlTKenQ=="
    }
  }
}
