{
  "name": "@holochain/zomehub-zomelets",
  "version": "0.1.0",
  "lockfileVersion": 3,
  "requires": true,
  "packages": {
    "": {
      "name": "@holochain/zomehub-zomelets",
      "version": "0.1.0",
      "license": "ISC",
      "dependencies": {
        "@spartan-hc/holo-hash": "^0.5.4",
        "@spartan-hc/mere-memory-zomelets": "^0.2.0",
        "@spartan-hc/zomelets": "^0.1.0",
        "@whi/into-struct": "^0.1.1"
      }
    },
    "../../../../mere-memory-sdk": {
      "name": "@spartan-hc/mere-memory-sdk",
      "version": "0.1.4",
      "extraneous": true,
      "license": "ISC",
      "dependencies": {
        "@spartan-hc/holochain-agent-client": "^0.2.5",
        "@whi/essence": "^0.1.3",
        "@whi/weblogger": "^0.1.6"
      },
      "devDependencies": {
        "@spartan-hc/holochain-admin-client": "^0.1.6",
        "@spartan-hc/holochain-backdrop": "^2.2.3",
        "chai": "^4.3.7",
        "mocha": "^10.2.0",
        "webpack": "^5.76.2",
        "webpack-cli": "^5.0.1",
        "why-is-node-running": "^2.2.2"
      }
    },
    "node_modules/@spartan-hc/holo-hash": {
      "version": "0.5.4",
      "resolved": "https://registry.npmjs.org/@spartan-hc/holo-hash/-/holo-hash-0.5.4.tgz",
      "integrity": "sha512-mUk3YVoEDctFrqqZ74JLZI38HtZ/UsjJ5QZ6Bl9JYwvxEKegAmpsNdQzh8xS1rUvWJFAatUa9aAoMo6eqzEFqA==",
      "dependencies": {
        "@whi/xor-digest": "^0.1.0"
      }
    },
    "node_modules/@spartan-hc/mere-memory-zomelets": {
      "version": "0.2.0",
      "resolved": "https://registry.npmjs.org/@spartan-hc/mere-memory-zomelets/-/mere-memory-zomelets-0.2.0.tgz",
      "integrity": "sha512-8lRxVigIrR9V3Af8HtPYXTwH12Ihj/heV5vCcKiQ5JaxcESR6JSCeQOfKnpmwAYa0JTITx0V183ya8wUDmXGhQ==",
      "dependencies": {
        "@spartan-hc/holo-hash": "^0.5.4",
        "@spartan-hc/zomelets": "^0.1.2",
        "@whi/essence": "^0.1.3",
        "gzip-js": "^0.3.2",
        "js-sha256": "^0.10.1"
      }
    },
    "node_modules/@spartan-hc/zomelets": {
      "version": "0.1.2",
      "resolved": "https://registry.npmjs.org/@spartan-hc/zomelets/-/zomelets-0.1.2.tgz",
      "integrity": "sha512-Mhe26w49iNq5F9+YJvSdSCY2P4YNhnsU45cKn9sc2cj4VPdDXtHlp4wXBcZ3LgNZmhjMbD8R4d6FTiHhNRmqOQ==",
      "dependencies": {
        "@whi/weblogger": "^0.2.0"
      }
    },
    "node_modules/@whi/essence": {
      "version": "0.1.3",
      "resolved": "https://registry.npmjs.org/@whi/essence/-/essence-0.1.3.tgz",
      "integrity": "sha512-yCROsmiGcE7Fah37Gma03uSAn081daS7iyWOwHDh0+JuyrWr13jndhvkn4Uq4NfhJscO8PVSOAOxuxne+8p1jQ=="
    },
    "node_modules/@whi/into-struct": {
      "version": "0.1.1",
      "resolved": "https://registry.npmjs.org/@whi/into-struct/-/into-struct-0.1.1.tgz",
      "integrity": "sha512-NQFr3/63XiKBimIX+UV9vv0urPxPKHWa2sLdrhMaxJTi5la9I7N7bVXUgXdXgLB5sC7v2fd5rcq/bC6NqnDs6g==",
      "dependencies": {
        "@whi/repr": "^0.1.0",
        "@whi/weblogger": "^0.1.6"
      }
    },
    "node_modules/@whi/into-struct/node_modules/@whi/weblogger": {
      "version": "0.1.6",
      "resolved": "https://registry.npmjs.org/@whi/weblogger/-/weblogger-0.1.6.tgz",
      "integrity": "sha512-sW9f5k/N2hbOw/QL8OeAQEFWI7AtQ8CkVx4LJmM6YD0KQtCPwcUXEjrg33dvVBX4nQZHQtS0BA4qSZaWF8HigQ=="
    },
    "node_modules/@whi/repr": {
      "version": "0.1.0",
      "resolved": "https://registry.npmjs.org/@whi/repr/-/repr-0.1.0.tgz",
      "integrity": "sha512-GLYNj+LP/pqzwyzXAsN7HZU2Jxi2IEPE8eNGNjKJBaVyx2/j4mhMo0itGq6Rbz4ub3DEo8oaNTU2XozRYJd5SA=="
    },
    "node_modules/@whi/weblogger": {
      "version": "0.2.0",
      "resolved": "https://registry.npmjs.org/@whi/weblogger/-/weblogger-0.2.0.tgz",
      "integrity": "sha512-xMCxFSmXdlaBPg7HWH+DbbrBFB6aM+CZoUU8Rc4VN4I3RxWDNPeqgnD6GxIH9N/5mSqLHbjMVYo/oFdrK4fAxA=="
    },
    "node_modules/@whi/xor-digest": {
      "version": "0.1.0",
      "resolved": "https://registry.npmjs.org/@whi/xor-digest/-/xor-digest-0.1.0.tgz",
      "integrity": "sha512-FKPxyYK79TIxkVHmXnyJ4IljW+5sc+HX2hxMu5+UxlN0p1vOOdwFagDOhONC4ILysm1bXhvF4cPsTGSmlTKenQ=="
    },
    "node_modules/crc32": {
      "version": "0.2.2",
      "resolved": "https://registry.npmjs.org/crc32/-/crc32-0.2.2.tgz",
      "integrity": "sha512-PFZEGbDUeoNbL2GHIEpJRQGheXReDody/9axKTxhXtQqIL443wnNigtVZO9iuCIMPApKZRv7k2xr8euXHqNxQQ==",
      "bin": {
        "crc32": "bin/runner.js"
      },
      "engines": {
        "node": ">= 0.4.0"
      }
    },
    "node_modules/deflate-js": {
      "version": "0.2.3",
      "resolved": "https://registry.npmjs.org/deflate-js/-/deflate-js-0.2.3.tgz",
      "integrity": "sha512-r5KgHJ/yTiWQs23nVeQz5dSL/kmW0MBszsssNyEqDCjjFDj4XG/c6QUN/I0JtY3ZHwwcaNBtGE8s+oV33acTfQ==",
      "bin": {
        "deflate-js": "bin/deflate.js",
        "inflate-js": "bin/inflate.js"
      },
      "engines": {
        "node": ">= 0.4.0"
      }
    },
    "node_modules/gzip-js": {
      "version": "0.3.2",
      "resolved": "https://registry.npmjs.org/gzip-js/-/gzip-js-0.3.2.tgz",
      "integrity": "sha512-BFTiwtEN12koJsnhVo77SzW+u6VANzhaK0HEtdwFwgFzFOq1WQJ8eSPEyGAueUfs1C/WqdgtuYnUwCRuRm1A5Q==",
      "dependencies": {
        "crc32": ">= 0.2.2",
        "deflate-js": ">= 0.2.2"
      },
      "bin": {
        "gunzip-js": "bin/gunzip.js",
        "gzip-js": "bin/gzip.js"
      },
      "engines": {
        "node": ">= 0.4.0"
      }
    },
    "node_modules/js-sha256": {
      "version": "0.10.1",
      "resolved": "https://registry.npmjs.org/js-sha256/-/js-sha256-0.10.1.tgz",
      "integrity": "sha512-5obBtsz9301ULlsgggLg542s/jqtddfOpV5KJc4hajc9JV8GeY2gZHSVpYBn4nWqAUTJ9v+xwtbJ1mIBgIH5Vw=="
    }
  }
}
